
Microsoft Visual Studio Solution File, Format Version 12.00
# Visual Studio Version 16
VisualStudioVersion = 16.0.28922.388
MinimumVisualStudioVersion = 10.0.40219.1
Project("{FAE04EC0-301F-11D3-BF4B-00C04F79EFBC}") = "CF.Api", "src\CF.Api\CF.Api.csproj", "{AE02CD1D-9F37-495A-B32F-1317B2F42022}"
EndProject
Project("{9A19103F-16F7-4668-BE54-9A1E7A4F7556}") = "CF.CustomerMngt.Application", "src\CF.CustomerMngt.Application\CF.CustomerMngt.Application.csproj", "{40931CEC-045A-4E2F-8745-A76AD15FA53B}"
EndProject
Project("{FAE04EC0-301F-11D3-BF4B-00C04F79EFBC}") = "CF.CustomerMngt.Domain", "src\CF.CustomerMngt.Domain\CF.CustomerMngt.Domain.csproj", "{9F7F03FA-CD8C-436E-976F-AC624064E858}"
EndProject
Project("{FAE04EC0-301F-11D3-BF4B-00C04F79EFBC}") = "CF.CustomerMngt.Infrastructure", "src\CF.CustomerMngt.Infrastructure\CF.CustomerMngt.Infrastructure.csproj", "{A981F9D2-ABEE-46C9-953D-1892E1E76BD5}"
EndProject
Project("{FAE04EC0-301F-11D3-BF4B-00C04F79EFBC}") = "CF.Test", "src\CF.Test\CF.Test.csproj", "{350D1AD3-B934-46DD-8E23-F95DF546E97E}"
EndProject
Global
	GlobalSection(SolutionConfigurationPlatforms) = preSolution
		Debug|Any CPU = Debug|Any CPU
		Release|Any CPU = Release|Any CPU
	EndGlobalSection
	GlobalSection(ProjectConfigurationPlatforms) = postSolution
		{AE02CD1D-9F37-495A-B32F-1317B2F42022}.Debug|Any CPU.ActiveCfg = Debug|Any CPU
		{AE02CD1D-9F37-495A-B32F-1317B2F42022}.Debug|Any CPU.Build.0 = Debug|Any CPU
		{AE02CD1D-9F37-495A-B32F-1317B2F42022}.Release|Any CPU.ActiveCfg = Release|Any CPU
		{AE02CD1D-9F37-495A-B32F-1317B2F42022}.Release|Any CPU.Build.0 = Release|Any CPU
		{40931CEC-045A-4E2F-8745-A76AD15FA53B}.Debug|Any CPU.ActiveCfg = Debug|Any CPU
		{40931CEC-045A-4E2F-8745-A76AD15FA53B}.Debug|Any CPU.Build.0 = Debug|Any CPU
		{40931CEC-045A-4E2F-8745-A76AD15FA53B}.Release|Any CPU.ActiveCfg = Release|Any CPU
		{40931CEC-045A-4E2F-8745-A76AD15FA53B}.Release|Any CPU.Build.0 = Release|Any CPU
		{9F7F03FA-CD8C-436E-976F-AC624064E858}.Debug|Any CPU.ActiveCfg = Debug|Any CPU
		{9F7F03FA-CD8C-436E-976F-AC624064E858}.Debug|Any CPU.Build.0 = Debug|Any CPU
		{9F7F03FA-CD8C-436E-976F-AC624064E858}.Release|Any CPU.ActiveCfg = Release|Any CPU
		{9F7F03FA-CD8C-436E-976F-AC624064E858}.Release|Any CPU.Build.0 = Release|Any CPU
		{A981F9D2-ABEE-46C9-953D-1892E1E76BD5}.Debug|Any CPU.ActiveCfg = Debug|Any CPU
		{A981F9D2-ABEE-46C9-953D-1892E1E76BD5}.Debug|Any CPU.Build.0 = Debug|Any CPU
		{A981F9D2-ABEE-46C9-953D-1892E1E76BD5}.Release|Any CPU.ActiveCfg = Release|Any CPU
		{A981F9D2-ABEE-46C9-953D-1892E1E76BD5}.Release|Any CPU.Build.0 = Release|Any CPU
		{350D1AD3-B934-46DD-8E23-F95DF546E97E}.Debug|Any CPU.ActiveCfg = Debug|Any CPU
		{350D1AD3-B934-46DD-8E23-F95DF546E97E}.Debug|Any CPU.Build.0 = Debug|Any CPU
		{350D1AD3-B934-46DD-8E23-F95DF546E97E}.Release|Any CPU.ActiveCfg = Release|Any CPU
		{350D1AD3-B934-46DD-8E23-F95DF546E97E}.Release|Any CPU.Build.0 = Release|Any CPU
	EndGlobalSection
	GlobalSection(SolutionProperties) = preSolution
		HideSolutionNode = FALSE
	EndGlobalSection
	GlobalSection(ExtensibilityGlobals) = postSolution
		SolutionGuid = {B8AAA169-2335-4252-AEC5-E5EE6A78E940}
	EndGlobalSection
EndGlobal
