
Microsoft Visual Studio Solution File, Format Version 12.00
# Visual Studio Version 18
VisualStudioVersion = 18.7.11919.86 stable
MinimumVisualStudioVersion = 10.0.40219.1
Project("{9A19103F-16F7-4668-BE54-9A1E7A4F7556}") = "CF.Api", "src\CF.Api\CF.Api.csproj", "{AE02CD1D-9F37-495A-B32F-1317B2F42022}"
EndProject
Project("{9A19103F-16F7-4668-BE54-9A1E7A4F7556}") = "CF.Customer.Application", "src\CF.Customer.Application\CF.Customer.Application.csproj", "{40931CEC-045A-4E2F-8745-A76AD15FA53B}"
EndProject
Project("{9A19103F-16F7-4668-BE54-9A1E7A4F7556}") = "CF.Customer.Domain", "src\CF.Customer.Domain\CF.Customer.Domain.csproj", "{9F7F03FA-CD8C-436E-976F-AC624064E858}"
EndProject
Project("{9A19103F-16F7-4668-BE54-9A1E7A4F7556}") = "CF.Customer.Infrastructure", "src\CF.Customer.Infrastructure\CF.Customer.Infrastructure.csproj", "{A981F9D2-ABEE-46C9-953D-1892E1E76BD5}"
EndProject
Project("{2150E333-8FDC-42A3-9474-1A3956D46DE8}") = "Customer", "Customer", "{FAD9F9C1-F3EE-4881-8A71-67F4EB69B1AA}"
EndProject
Project("{9A19103F-16F7-4668-BE54-9A1E7A4F7556}") = "CF.Customer.UnitTest", "src\CF.Customer.UnitTest\CF.Customer.UnitTest.csproj", "{6C787844-6222-4D34-B8ED-813A39E468EA}"
EndProject
Project("{9A19103F-16F7-4668-BE54-9A1E7A4F7556}") = "CF.IntegrationTest", "src\CF.IntegrationTest\CF.IntegrationTest.csproj", "{4CABA244-6123-4C61-90AB-F5FE20A8168A}"
EndProject
Project("{9A19103F-16F7-4668-BE54-9A1E7A4F7556}") = "CF.Api.UnitTest", "src\CF.Api.UnitTest\CF.Api.UnitTest.csproj", "{AF09E52F-212E-4ED6-A815-217B49C8D837}"
EndProject
Project("{FAE04EC0-301F-11D3-BF4B-00C04F79EFBC}") = "CF.Migrations", "src\CF.Migrations\CF.Migrations.csproj", "{348179D1-891E-4D2E-BA8A-24807E1223EE}"
EndProject
Project("{2150E333-8FDC-42A3-9474-1A3956D46DE8}") = "src", "src", "{827E0CD3-B72D-47B6-A68D-7590B98EB39B}"
EndProject
Project("{FAE04EC0-301F-11D3-BF4B-00C04F79EFBC}") = "CF.ConsoleApp", "src\CF.ConsoleApp\CF.ConsoleApp.csproj", "{18069824-E977-4FC4-816B-D0638073402D}"
EndProject
Project("{2150E333-8FDC-42A3-9474-1A3956D46DE8}") = "tests", "tests", "{A81BC58B-1C13-41BE-B212-8F818B198BED}"
EndProject
Project("{2150E333-8FDC-42A3-9474-1A3956D46DE8}") = "contexts", "contexts", "{8D0780D5-0E5D-4E93-9573-87D4D0321C7E}"
EndProject
Project("{2150E333-8FDC-42A3-9474-1A3956D46DE8}") = "hosts", "hosts", "{1B5E9D2A-7C44-4E88-9F11-2A3B4C5D6E7F}"
EndProject
Global
	GlobalSection(SolutionConfigurationPlatforms) = preSolution
		Debug|Any CPU = Debug|Any CPU
		Debug|x64 = Debug|x64
		Debug|x86 = Debug|x86
		Release|Any CPU = Release|Any CPU
		Release|x64 = Release|x64
		Release|x86 = Release|x86
	EndGlobalSection
	GlobalSection(ProjectConfigurationPlatforms) = postSolution
		{AE02CD1D-9F37-495A-B32F-1317B2F42022}.Debug|Any CPU.ActiveCfg = Debug|Any CPU
		{AE02CD1D-9F37-495A-B32F-1317B2F42022}.Debug|Any CPU.Build.0 = Debug|Any CPU
		{AE02CD1D-9F37-495A-B32F-1317B2F42022}.Debug|x64.ActiveCfg = Debug|Any CPU
		{AE02CD1D-9F37-495A-B32F-1317B2F42022}.Debug|x64.Build.0 = Debug|Any CPU
		{AE02CD1D-9F37-495A-B32F-1317B2F42022}.Debug|x86.ActiveCfg = Debug|Any CPU
		{AE02CD1D-9F37-495A-B32F-1317B2F42022}.Debug|x86.Build.0 = Debug|Any CPU
		{AE02CD1D-9F37-495A-B32F-1317B2F42022}.Release|Any CPU.ActiveCfg = Release|Any CPU
		{AE02CD1D-9F37-495A-B32F-1317B2F42022}.Release|Any CPU.Build.0 = Release|Any CPU
		{AE02CD1D-9F37-495A-B32F-1317B2F42022}.Release|x64.ActiveCfg = Release|Any CPU
		{AE02CD1D-9F37-495A-B32F-1317B2F42022}.Release|x64.Build.0 = Release|Any CPU
		{AE02CD1D-9F37-495A-B32F-1317B2F42022}.Release|x86.ActiveCfg = Release|Any CPU
		{AE02CD1D-9F37-495A-B32F-1317B2F42022}.Release|x86.Build.0 = Release|Any CPU
		{40931CEC-045A-4E2F-8745-A76AD15FA53B}.Debug|Any CPU.ActiveCfg = Debug|Any CPU
		{40931CEC-045A-4E2F-8745-A76AD15FA53B}.Debug|Any CPU.Build.0 = Debug|Any CPU
		{40931CEC-045A-4E2F-8745-A76AD15FA53B}.Debug|x64.ActiveCfg = Debug|Any CPU
		{40931CEC-045A-4E2F-8745-A76AD15FA53B}.Debug|x64.Build.0 = Debug|Any CPU
		{40931CEC-045A-4E2F-8745-A76AD15FA53B}.Debug|x86.ActiveCfg = Debug|Any CPU
		{40931CEC-045A-4E2F-8745-A76AD15FA53B}.Debug|x86.Build.0 = Debug|Any CPU
		{40931CEC-045A-4E2F-8745-A76AD15FA53B}.Release|Any CPU.ActiveCfg = Release|Any CPU
		{40931CEC-045A-4E2F-8745-A76AD15FA53B}.Release|Any CPU.Build.0 = Release|Any CPU
		{40931CEC-045A-4E2F-8745-A76AD15FA53B}.Release|x64.ActiveCfg = Release|Any CPU
		{40931CEC-045A-4E2F-8745-A76AD15FA53B}.Release|x64.Build.0 = Release|Any CPU
		{40931CEC-045A-4E2F-8745-A76AD15FA53B}.Release|x86.ActiveCfg = Release|Any CPU
		{40931CEC-045A-4E2F-8745-A76AD15FA53B}.Release|x86.Build.0 = Release|Any CPU
		{9F7F03FA-CD8C-436E-976F-AC624064E858}.Debug|Any CPU.ActiveCfg = Debug|Any CPU
		{9F7F03FA-CD8C-436E-976F-AC624064E858}.Debug|Any CPU.Build.0 = Debug|Any CPU
		{9F7F03FA-CD8C-436E-976F-AC624064E858}.Debug|x64.ActiveCfg = Debug|Any CPU
		{9F7F03FA-CD8C-436E-976F-AC624064E858}.Debug|x64.Build.0 = Debug|Any CPU
		{9F7F03FA-CD8C-436E-976F-AC624064E858}.Debug|x86.ActiveCfg = Debug|Any CPU
		{9F7F03FA-CD8C-436E-976F-AC624064E858}.Debug|x86.Build.0 = Debug|Any CPU
		{9F7F03FA-CD8C-436E-976F-AC624064E858}.Release|Any CPU.ActiveCfg = Release|Any CPU
		{9F7F03FA-CD8C-436E-976F-AC624064E858}.Release|Any CPU.Build.0 = Release|Any CPU
		{9F7F03FA-CD8C-436E-976F-AC624064E858}.Release|x64.ActiveCfg = Release|Any CPU
		{9F7F03FA-CD8C-436E-976F-AC624064E858}.Release|x64.Build.0 = Release|Any CPU
		{9F7F03FA-CD8C-436E-976F-AC624064E858}.Release|x86.ActiveCfg = Release|Any CPU
		{9F7F03FA-CD8C-436E-976F-AC624064E858}.Release|x86.Build.0 = Release|Any CPU
		{A981F9D2-ABEE-46C9-953D-1892E1E76BD5}.Debug|Any CPU.ActiveCfg = Debug|Any CPU
		{A981F9D2-ABEE-46C9-953D-1892E1E76BD5}.Debug|Any CPU.Build.0 = Debug|Any CPU
		{A981F9D2-ABEE-46C9-953D-1892E1E76BD5}.Debug|x64.ActiveCfg = Debug|Any CPU
		{A981F9D2-ABEE-46C9-953D-1892E1E76BD5}.Debug|x64.Build.0 = Debug|Any CPU
		{A981F9D2-ABEE-46C9-953D-1892E1E76BD5}.Debug|x86.ActiveCfg = Debug|Any CPU
		{A981F9D2-ABEE-46C9-953D-1892E1E76BD5}.Debug|x86.Build.0 = Debug|Any CPU
		{A981F9D2-ABEE-46C9-953D-1892E1E76BD5}.Release|Any CPU.ActiveCfg = Release|Any CPU
		{A981F9D2-ABEE-46C9-953D-1892E1E76BD5}.Release|Any CPU.Build.0 = Release|Any CPU
		{A981F9D2-ABEE-46C9-953D-1892E1E76BD5}.Release|x64.ActiveCfg = Release|Any CPU
		{A981F9D2-ABEE-46C9-953D-1892E1E76BD5}.Release|x64.Build.0 = Release|Any CPU
		{A981F9D2-ABEE-46C9-953D-1892E1E76BD5}.Release|x86.ActiveCfg = Release|Any CPU
		{A981F9D2-ABEE-46C9-953D-1892E1E76BD5}.Release|x86.Build.0 = Release|Any CPU
		{6C787844-6222-4D34-B8ED-813A39E468EA}.Debug|Any CPU.ActiveCfg = Debug|Any CPU
		{6C787844-6222-4D34-B8ED-813A39E468EA}.Debug|Any CPU.Build.0 = Debug|Any CPU
		{6C787844-6222-4D34-B8ED-813A39E468EA}.Debug|x64.ActiveCfg = Debug|Any CPU
		{6C787844-6222-4D34-B8ED-813A39E468EA}.Debug|x64.Build.0 = Debug|Any CPU
		{6C787844-6222-4D34-B8ED-813A39E468EA}.Debug|x86.ActiveCfg = Debug|Any CPU
		{6C787844-6222-4D34-B8ED-813A39E468EA}.Debug|x86.Build.0 = Debug|Any CPU
		{6C787844-6222-4D34-B8ED-813A39E468EA}.Release|Any CPU.ActiveCfg = Release|Any CPU
		{6C787844-6222-4D34-B8ED-813A39E468EA}.Release|Any CPU.Build.0 = Release|Any CPU
		{6C787844-6222-4D34-B8ED-813A39E468EA}.Release|x64.ActiveCfg = Release|Any CPU
		{6C787844-6222-4D34-B8ED-813A39E468EA}.Release|x64.Build.0 = Release|Any CPU
		{6C787844-6222-4D34-B8ED-813A39E468EA}.Release|x86.ActiveCfg = Release|Any CPU
		{6C787844-6222-4D34-B8ED-813A39E468EA}.Release|x86.Build.0 = Release|Any CPU
		{4CABA244-6123-4C61-90AB-F5FE20A8168A}.Debug|Any CPU.ActiveCfg = Debug|Any CPU
		{4CABA244-6123-4C61-90AB-F5FE20A8168A}.Debug|Any CPU.Build.0 = Debug|Any CPU
		{4CABA244-6123-4C61-90AB-F5FE20A8168A}.Debug|x64.ActiveCfg = Debug|Any CPU
		{4CABA244-6123-4C61-90AB-F5FE20A8168A}.Debug|x64.Build.0 = Debug|Any CPU
		{4CABA244-6123-4C61-90AB-F5FE20A8168A}.Debug|x86.ActiveCfg = Debug|Any CPU
		{4CABA244-6123-4C61-90AB-F5FE20A8168A}.Debug|x86.Build.0 = Debug|Any CPU
		{4CABA244-6123-4C61-90AB-F5FE20A8168A}.Release|Any CPU.ActiveCfg = Release|Any CPU
		{4CABA244-6123-4C61-90AB-F5FE20A8168A}.Release|Any CPU.Build.0 = Release|Any CPU
		{4CABA244-6123-4C61-90AB-F5FE20A8168A}.Release|x64.ActiveCfg = Release|Any CPU
		{4CABA244-6123-4C61-90AB-F5FE20A8168A}.Release|x64.Build.0 = Release|Any CPU
		{4CABA244-6123-4C61-90AB-F5FE20A8168A}.Release|x86.ActiveCfg = Release|Any CPU
		{4CABA244-6123-4C61-90AB-F5FE20A8168A}.Release|x86.Build.0 = Release|Any CPU
		{AF09E52F-212E-4ED6-A815-217B49C8D837}.Debug|Any CPU.ActiveCfg = Debug|Any CPU
		{AF09E52F-212E-4ED6-A815-217B49C8D837}.Debug|Any CPU.Build.0 = Debug|Any CPU
		{AF09E52F-212E-4ED6-A815-217B49C8D837}.Debug|x64.ActiveCfg = Debug|Any CPU
		{AF09E52F-212E-4ED6-A815-217B49C8D837}.Debug|x64.Build.0 = Debug|Any CPU
		{AF09E52F-212E-4ED6-A815-217B49C8D837}.Debug|x86.ActiveCfg = Debug|Any CPU
		{AF09E52F-212E-4ED6-A815-217B49C8D837}.Debug|x86.Build.0 = Debug|Any CPU
		{AF09E52F-212E-4ED6-A815-217B49C8D837}.Release|Any CPU.ActiveCfg = Release|Any CPU
		{AF09E52F-212E-4ED6-A815-217B49C8D837}.Release|Any CPU.Build.0 = Release|Any CPU
		{AF09E52F-212E-4ED6-A815-217B49C8D837}.Release|x64.ActiveCfg = Release|Any CPU
		{AF09E52F-212E-4ED6-A815-217B49C8D837}.Release|x64.Build.0 = Release|Any CPU
		{AF09E52F-212E-4ED6-A815-217B49C8D837}.Release|x86.ActiveCfg = Release|Any CPU
		{AF09E52F-212E-4ED6-A815-217B49C8D837}.Release|x86.Build.0 = Release|Any CPU
		{348179D1-891E-4D2E-BA8A-24807E1223EE}.Debug|Any CPU.ActiveCfg = Debug|Any CPU
		{348179D1-891E-4D2E-BA8A-24807E1223EE}.Debug|Any CPU.Build.0 = Debug|Any CPU
		{348179D1-891E-4D2E-BA8A-24807E1223EE}.Debug|x64.ActiveCfg = Debug|Any CPU
		{348179D1-891E-4D2E-BA8A-24807E1223EE}.Debug|x64.Build.0 = Debug|Any CPU
		{348179D1-891E-4D2E-BA8A-24807E1223EE}.Debug|x86.ActiveCfg = Debug|Any CPU
		{348179D1-891E-4D2E-BA8A-24807E1223EE}.Debug|x86.Build.0 = Debug|Any CPU
		{348179D1-891E-4D2E-BA8A-24807E1223EE}.Release|Any CPU.ActiveCfg = Release|Any CPU
		{348179D1-891E-4D2E-BA8A-24807E1223EE}.Release|Any CPU.Build.0 = Release|Any CPU
		{348179D1-891E-4D2E-BA8A-24807E1223EE}.Release|x64.ActiveCfg = Release|Any CPU
		{348179D1-891E-4D2E-BA8A-24807E1223EE}.Release|x64.Build.0 = Release|Any CPU
		{348179D1-891E-4D2E-BA8A-24807E1223EE}.Release|x86.ActiveCfg = Release|Any CPU
		{348179D1-891E-4D2E-BA8A-24807E1223EE}.Release|x86.Build.0 = Release|Any CPU
		{18069824-E977-4FC4-816B-D0638073402D}.Debug|Any CPU.ActiveCfg = Debug|Any CPU
		{18069824-E977-4FC4-816B-D0638073402D}.Debug|Any CPU.Build.0 = Debug|Any CPU
		{18069824-E977-4FC4-816B-D0638073402D}.Debug|x64.ActiveCfg = Debug|Any CPU
		{18069824-E977-4FC4-816B-D0638073402D}.Debug|x64.Build.0 = Debug|Any CPU
		{18069824-E977-4FC4-816B-D0638073402D}.Debug|x86.ActiveCfg = Debug|Any CPU
		{18069824-E977-4FC4-816B-D0638073402D}.Debug|x86.Build.0 = Debug|Any CPU
		{18069824-E977-4FC4-816B-D0638073402D}.Release|Any CPU.ActiveCfg = Release|Any CPU
		{18069824-E977-4FC4-816B-D0638073402D}.Release|Any CPU.Build.0 = Release|Any CPU
		{18069824-E977-4FC4-816B-D0638073402D}.Release|x64.ActiveCfg = Release|Any CPU
		{18069824-E977-4FC4-816B-D0638073402D}.Release|x64.Build.0 = Release|Any CPU
		{18069824-E977-4FC4-816B-D0638073402D}.Release|x86.ActiveCfg = Release|Any CPU
		{18069824-E977-4FC4-816B-D0638073402D}.Release|x86.Build.0 = Release|Any CPU
	EndGlobalSection
	GlobalSection(SolutionProperties) = preSolution
		HideSolutionNode = FALSE
	EndGlobalSection
	GlobalSection(NestedProjects) = preSolution
		{8D0780D5-0E5D-4E93-9573-87D4D0321C7E} = {827E0CD3-B72D-47B6-A68D-7590B98EB39B}
		{1B5E9D2A-7C44-4E88-9F11-2A3B4C5D6E7F} = {827E0CD3-B72D-47B6-A68D-7590B98EB39B}
		{FAD9F9C1-F3EE-4881-8A71-67F4EB69B1AA} = {8D0780D5-0E5D-4E93-9573-87D4D0321C7E}
		{40931CEC-045A-4E2F-8745-A76AD15FA53B} = {FAD9F9C1-F3EE-4881-8A71-67F4EB69B1AA}
		{9F7F03FA-CD8C-436E-976F-AC624064E858} = {FAD9F9C1-F3EE-4881-8A71-67F4EB69B1AA}
		{A981F9D2-ABEE-46C9-953D-1892E1E76BD5} = {FAD9F9C1-F3EE-4881-8A71-67F4EB69B1AA}
		{348179D1-891E-4D2E-BA8A-24807E1223EE} = {FAD9F9C1-F3EE-4881-8A71-67F4EB69B1AA}
		{AE02CD1D-9F37-495A-B32F-1317B2F42022} = {1B5E9D2A-7C44-4E88-9F11-2A3B4C5D6E7F}
		{18069824-E977-4FC4-816B-D0638073402D} = {1B5E9D2A-7C44-4E88-9F11-2A3B4C5D6E7F}
		{6C787844-6222-4D34-B8ED-813A39E468EA} = {A81BC58B-1C13-41BE-B212-8F818B198BED}
		{4CABA244-6123-4C61-90AB-F5FE20A8168A} = {A81BC58B-1C13-41BE-B212-8F818B198BED}
		{AF09E52F-212E-4ED6-A815-217B49C8D837} = {A81BC58B-1C13-41BE-B212-8F818B198BED}
	EndGlobalSection
	GlobalSection(ExtensibilityGlobals) = postSolution
		SolutionGuid = {B8AAA169-2335-4252-AEC5-E5EE6A78E940}
	EndGlobalSection
EndGlobal
